
Microsoft Visual Studio Solution File, Format Version 12.00
# Visual Studio Version 17
VisualStudioVersion = 17.0.31903.59
MinimumVisualStudioVersion = 10.0.40219.1
Project("{FAE04EC0-301F-11D3-BF4B-00C04F79EFBC}") = "FlashcardGame", "src\FlashcardGame\FlashcardGame.csproj", "{420A6F20-6B7D-4C67-930B-736024956340}"
EndProject
Project("{FAE04EC0-301F-11D3-BF4B-00C04F79EFBC}") = "FlashcardGame.Tests", "tests\FlashcardGame.Tests\FlashcardGame.Tests.csproj", "{D15F6732-3435-420C-A635-779878234678}"
EndProject
Global
	GlobalSection(SolutionConfigurationPlatforms) = preSolution
		Debug|Any CPU = Debug|Any CPU
		Release|Any CPU = Release|Any CPU
	EndGlobalSection
	GlobalSection(ProjectConfigurationPlatforms) = postSolution
		{420A6F20-6B7D-4C67-930B-736024956340}.Debug|Any CPU.ActiveCfg = Debug|Any CPU
		{420A6F20-6B7D-4C67-930B-736024956340}.Debug|Any CPU.Build.0 = Debug|Any CPU
		{420A6F20-6B7D-4C67-930B-736024956340}.Release|Any CPU.ActiveCfg = Release|Any CPU
		{420A6F20-6B7D-4C67-930B-736024956340}.Release|Any CPU.Build.0 = Release|Any CPU
		{D15F6732-3435-420C-A635-779878234678}.Debug|Any CPU.ActiveCfg = Debug|Any CPU
		{D15F6732-3435-420C-A635-779878234678}.Debug|Any CPU.Build.0 = Debug|Any CPU
		{D15F6732-3435-420C-A635-779878234678}.Release|Any CPU.ActiveCfg = Release|Any CPU
		{D15F6732-3435-420C-A635-779878234678}.Release|Any CPU.Build.0 = Release|Any CPU
	EndGlobalSection
	GlobalSection(SolutionProperties) = preSolution
		HideSolutionNode = FALSE
	EndGlobalSection
EndGlobal
